// !$*UTF8*$!
{
	archiveVersion = 1;
	classes = {
	};
	objectVersion = 46;
	objects = {

/* Begin PBXBuildFile section */
		9E62FF491B9BCA0F0071805D /* AppDelegate.swift in Sources */ = {isa = PBXBuildFile; fileRef = 9E62FF481B9BCA0F0071805D /* AppDelegate.swift */; };
		9E62FF4B1B9BCA0F0071805D /* ViewController.swift in Sources */ = {isa = PBXBuildFile; fileRef = 9E62FF4A1B9BCA0F0071805D /* ViewController.swift */; };
		9E62FF4E1B9BCA0F0071805D /* Main.storyboard in Resources */ = {isa = PBXBuildFile; fileRef = 9E62FF4C1B9BCA0F0071805D /* Main.storyboard */; };
		9E62FF501B9BCA0F0071805D /* Images.xcassets in Resources */ = {isa = PBXBuildFile; fileRef = 9E62FF4F1B9BCA0F0071805D /* Images.xcassets */; };
		9E62FF531B9BCA0F0071805D /* LaunchScreen.xib in Resources */ = {isa = PBXBuildFile; fileRef = 9E62FF511B9BCA0F0071805D /* LaunchScreen.xib */; };
		9E62FF5F1B9BCA0F0071805D /* AlgorthythmTests.swift in Sources */ = {isa = PBXBuildFile; fileRef = 9E62FF5E1B9BCA0F0071805D /* AlgorthythmTests.swift */; };
/* End PBXBuildFile section */

/* Begin PBXContainerItemProxy section */
		9E62FF591B9BCA0F0071805D /* PBXContainerItemProxy */ = {
			isa = PBXContainerItemProxy;
			containerPortal = 9E62FF3B1B9BCA0F0071805D /* Project object */;
			proxyType = 1;
			remoteGlobalIDString = 9E62FF421B9BCA0F0071805D;
			remoteInfo = Algorthythm;
		};
/* End PBXContainerItemProxy section */

/* Begin PBXFileReference section */
		9E62FF431B9BCA0F0071805D /* Algorthythm.app */ = {isa = PBXFileReference; explicitFileType = wrapper.application; includeInIndex = 0; path = Algorthythm.app; sourceTree = BUILT_PRODUCTS_DIR; };
		9E62FF471B9BCA0F0071805D /* Info.plist */ = {isa = PBXFileReference; lastKnownFileType = text.plist.xml; path = Info.plist; sourceTree = "<group>"; };
		9E62FF481B9BCA0F0071805D /* AppDelegate.swift */ = {isa = PBXFileReference; lastKnownFileType = sourcecode.swift; path = AppDelegate.swift; sourceTree = "<group>"; };
		9E62FF4A1B9BCA0F0071805D /* ViewController.swift */ = {isa = PBXFileReference; lastKnownFileType = sourcecode.swift; path = ViewController.swift; sourceTree = "<group>"; };
		9E62FF4D1B9BCA0F0071805D /* Base */ = {isa = PBXFileReference; lastKnownFileType = file.storyboard; name = Base; path = Base.lproj/Main.storyboard; sourceTree = "<group>"; };
		9E62FF4F1B9BCA0F0071805D /* Images.xcassets */ = {isa = PBXFileReference; lastKnownFileType = folder.assetcatalog; path = Images.xcassets; sourceTree = "<group>"; };
		9E62FF521B9BCA0F0071805D /* Base */ = {isa = PBXFileReference; lastKnownFileType = file.xib; name = Base; path = Base.lproj/LaunchScreen.xib; sourceTree = "<group>"; };
		9E62FF581B9BCA0F0071805D /* AlgorthythmTests.xctest */ = {isa = PBXFileReference; explicitFileType = wrapper.cfbundle; includeInIndex = 0; path = AlgorthythmTests.xctest; sourceTree = BUILT_PRODUCTS_DIR; };
		9E62FF5D1B9BCA0F0071805D /* Info.plist */ = {isa = PBXFileReference; lastKnownFileType = text.plist.xml; path = Info.plist; sourceTree = "<group>"; };
		9E62FF5E1B9BCA0F0071805D /* AlgorthythmTests.swift */ = {isa = PBXFileReference; lastKnownFileType = sourcecode.swift; path = AlgorthythmTests.swift; sourceTree = "<group>"; };
/* End PBXFileReference section */

/* Begin PBXFrameworksBuildPhase section */
		9E62FF401B9BCA0F0071805D /* Frameworks */ = {
			isa = PBXFrameworksBuildPhase;
			buildActionMask = 2147483647;
			files = (
			);
			runOnlyForDeploymentPostprocessing = 0;
		};
		9E62FF551B9BCA0F0071805D /* Frameworks */ = {
			isa = PBXFrameworksBuildPhase;
			buildActionMask = 2147483647;
			files = (
			);
			runOnlyForDeploymentPostprocessing = 0;
		};
/* End PBXFrameworksBuildPhase section */

/* Begin PBXGroup section */
		9E62FF3A1B9BCA0F0071805D = {
			isa = PBXGroup;
			children = (
				9E62FF451B9BCA0F0071805D /* Algorthythm */,
				9E62FF5B1B9BCA0F0071805D /* AlgorthythmTests */,
				9E62FF441B9BCA0F0071805D /* Products */,
			);
			sourceTree = "<group>";
		};
		9E62FF441B9BCA0F0071805D /* Products */ = {
			isa = PBXGroup;
			children = (
				9E62FF431B9BCA0F0071805D /* Algorthythm.app */,
				9E62FF581B9BCA0F0071805D /* AlgorthythmTests.xctest */,
			);
			name = Products;
			sourceTree = "<group>";
		};
		9E62FF451B9BCA0F0071805D /* Algorthythm */ = {
			isa = PBXGroup;
			children = (
				9E62FF481B9BCA0F0071805D /* AppDelegate.swift */,
				9E62FF4A1B9BCA0F0071805D /* ViewController.swift */,
				9E62FF4C1B9BCA0F0071805D /* Main.storyboard */,
				9E62FF4F1B9BCA0F0071805D /* Images.xcassets */,
				9E62FF511B9BCA0F0071805D /* LaunchScreen.xib */,
				9E62FF461B9BCA0F0071805D /* Supporting Files */,
			);
			path = Algorthythm;
			sourceTree = "<group>";
		};
		9E62FF461B9BCA0F0071805D /* Supporting Files */ = {
			isa = PBXGroup;
			children = (
				9E62FF471B9BCA0F0071805D /* Info.plist */,
			);
			name = "Supporting Files";
			sourceTree = "<group>";
		};
		9E62FF5B1B9BCA0F0071805D /* AlgorthythmTests */ = {
			isa = PBXGroup;
			children = (
				9E62FF5E1B9BCA0F0071805D /* AlgorthythmTests.swift */,
				9E62FF5C1B9BCA0F0071805D /* Supporting Files */,
			);
			path = AlgorthythmTests;
			sourceTree = "<group>";
		};
		9E62FF5C1B9BCA0F0071805D /* Supporting Files */ = {
			isa = PBXGroup;
			children = (
				9E62FF5D1B9BCA0F0071805D /* Info.plist */,
			);
			name = "Supporting Files";
			sourceTree = "<group>";
		};
/* End PBXGroup section */

/* Begin PBXNativeTarget section */
		9E62FF421B9BCA0F0071805D /* Algorthythm */ = {
			isa = PBXNativeTarget;
			buildConfigurationList = 9E62FF621B9BCA0F0071805D /* Build configuration list for PBXNativeTarget "Algorthythm" */;
			buildPhases = (
				9E62FF3F1B9BCA0F0071805D /* Sources */,
				9E62FF401B9BCA0F0071805D /* Frameworks */,
				9E62FF411B9BCA0F0071805D /* Resources */,
			);
			buildRules = (
			);
			dependencies = (
			);
			name = Algorthythm;
			productName = Algorthythm;
			productReference = 9E62FF431B9BCA0F0071805D /* Algorthythm.app */;
			productType = "com.apple.product-type.application";
		};
		9E62FF571B9BCA0F0071805D /* AlgorthythmTests */ = {
			isa = PBXNativeTarget;
			buildConfigurationList = 9E62FF651B9BCA0F0071805D /* Build configuration list for PBXNativeTarget "AlgorthythmTests" */;
			buildPhases = (
				9E62FF541B9BCA0F0071805D /* Sources */,
				9E62FF551B9BCA0F0071805D /* Frameworks */,
				9E62FF561B9BCA0F0071805D /* Resources */,
			);
			buildRules = (
			);
			dependencies = (
				9E62FF5A1B9BCA0F0071805D /* PBXTargetDependency */,
			);
			name = AlgorthythmTests;
			productName = AlgorthythmTests;
			productReference = 9E62FF581B9BCA0F0071805D /* AlgorthythmTests.xctest */;
			productType = "com.apple.product-type.bundle.unit-test";
		};
/* End PBXNativeTarget section */

/* Begin PBXProject section */
		9E62FF3B1B9BCA0F0071805D /* Project object */ = {
			isa = PBXProject;
			attributes = {
				LastUpgradeCheck = 0640;
				ORGANIZATIONNAME = Algomized;
				TargetAttributes = {
					9E62FF421B9BCA0F0071805D = {
						CreatedOnToolsVersion = 6.4;
					};
					9E62FF571B9BCA0F0071805D = {
						CreatedOnToolsVersion = 6.4;
						TestTargetID = 9E62FF421B9BCA0F0071805D;
					};
				};
			};
			buildConfigurationList = 9E62FF3E1B9BCA0F0071805D /* Build configuration list for PBXProject "Algorthythm" */;
			compatibilityVersion = "Xcode 3.2";
			developmentRegion = English;
			hasScannedForEncodings = 0;
			knownRegions = (
				en,
				Base,
			);
			mainGroup = 9E62FF3A1B9BCA0F0071805D;
			productRefGroup = 9E62FF441B9BCA0F0071805D /* Products */;
			projectDirPath = "";
			projectRoot = "";
			targets = (
				9E62FF421B9BCA0F0071805D /* Algorthythm */,
				9E62FF571B9BCA0F0071805D /* AlgorthythmTests */,
			);
		};
/* End PBXProject section */

/* Begin PBXResourcesBuildPhase section */
		9E62FF411B9BCA0F0071805D /* Resources */ = {
			isa = PBXResourcesBuildPhase;
			buildActionMask = 2147483647;
			files = (
				9E62FF4E1B9BCA0F0071805D /* Main.storyboard in Resources */,
				9E62FF531B9BCA0F0071805D /* LaunchScreen.xib in Resources */,
				9E62FF501B9BCA0F0071805D /* Images.xcassets in Resources */,
			);
			runOnlyForDeploymentPostprocessing = 0;
		};
		9E62FF561B9BCA0F0071805D /* Resources */ = {
			isa = PBXResourcesBuildPhase;
			buildActionMask = 2147483647;
			files = (
			);
			runOnlyForDeploymentPostprocessing = 0;
		};
/* End PBXResourcesBuildPhase section */

/* Begin PBXSourcesBuildPhase section */
		9E62FF3F1B9BCA0F0071805D /* Sources */ = {
			isa = PBXSourcesBuildPhase;
			buildActionMask = 2147483647;
			files = (
				9E62FF4B1B9BCA0F0071805D /* ViewController.swift in Sources */,
				9E62FF491B9BCA0F0071805D /* AppDelegate.swift in Sources */,
			);
			runOnlyForDeploymentPostprocessing = 0;
		};
		9E62FF541B9BCA0F0071805D /* Sources */ = {
			isa = PBXSourcesBuildPhase;
			buildActionMask = 2147483647;
			files = (
				9E62FF5F1B9BCA0F0071805D /* AlgorthythmTests.swift in Sources */,
			);
			runOnlyForDeploymentPostprocessing = 0;
		};
/* End PBXSourcesBuildPhase section */

/* Begin PBXTargetDependency section */
		9E62FF5A1B9BCA0F0071805D /* PBXTargetDependency */ = {
			isa = PBXTargetDependency;
			target = 9E62FF421B9BCA0F0071805D /* Algorthythm */;
			targetProxy = 9E62FF591B9BCA0F0071805D /* PBXContainerItemProxy */;
		};
/* End PBXTargetDependency section */

/* Begin PBXVariantGroup section */
		9E62FF4C1B9BCA0F0071805D /* Main.storyboard */ = {
			isa = PBXVariantGroup;
			children = (
				9E62FF4D1B9BCA0F0071805D /* Base */,
			);
			name = Main.storyboard;
			sourceTree = "<group>";
		};
		9E62FF511B9BCA0F0071805D /* LaunchScreen.xib */ = {
			isa = PBXVariantGroup;
			children = (
				9E62FF521B9BCA0F0071805D /* Base */,
			);
			name = LaunchScreen.xib;
			sourceTree = "<group>";
		};
/* End PBXVariantGroup section */

/* Begin XCBuildConfiguration section */
		9E62FF601B9BCA0F0071805D /* Debug */ = {
			isa = XCBuildConfiguration;
			buildSettings = {
				ALWAYS_SEARCH_USER_PATHS = NO;
				CLANG_CXX_LANGUAGE_STANDARD = "gnu++0x";
				CLANG_CXX_LIBRARY = "libc++";
				CLANG_ENABLE_MODULES = YES;
				CLANG_ENABLE_OBJC_ARC = YES;
				CLANG_WARN_BOOL_CONVERSION = YES;
				CLANG_WARN_CONSTANT_CONVERSION = YES;
				CLANG_WARN_DIRECT_OBJC_ISA_USAGE = YES_ERROR;
				CLANG_WARN_EMPTY_BODY = YES;
				CLANG_WARN_ENUM_CONVERSION = YES;
				CLANG_WARN_INT_CONVERSION = YES;
				CLANG_WARN_OBJC_ROOT_CLASS = YES_ERROR;
				CLANG_WARN_UNREACHABLE_CODE = YES;
				CLANG_WARN__DUPLICATE_METHOD_MATCH = YES;
				"CODE_SIGN_IDENTITY[sdk=iphoneos*]" = "iPhone Developer";
				COPY_PHASE_STRIP = NO;
				DEBUG_INFORMATION_FORMAT = "dwarf-with-dsym";
				ENABLE_STRICT_OBJC_MSGSEND = YES;
				GCC_C_LANGUAGE_STANDARD = gnu99;
				GCC_DYNAMIC_NO_PIC = NO;
				GCC_NO_COMMON_BLOCKS = YES;
				GCC_OPTIMIZATION_LEVEL = 0;
				GCC_PREPROCESSOR_DEFINITIONS = (
					"DEBUG=1",
					"$(inherited)",
				);
				GCC_SYMBOLS_PRIVATE_EXTERN = NO;
				GCC_WARN_64_TO_32_BIT_CONVERSION = YES;
				GCC_WARN_ABOUT_RETURN_TYPE = YES_ERROR;
				GCC_WARN_UNDECLARED_SELECTOR = YES;
				GCC_WARN_UNINITIALIZED_AUTOS = YES_AGGRESSIVE;
				GCC_WARN_UNUSED_FUNCTION = YES;
				GCC_WARN_UNUSED_VARIABLE = YES;
				IPHONEOS_DEPLOYMENT_TARGET = 8.4;
				MTL_ENABLE_DEBUG_INFO = YES;
				ONLY_ACTIVE_ARCH = YES;
				SDKROOT = iphoneos;
				SWIFT_OPTIMIZATION_LEVEL = "-Onone";
			};
			name = Debug;
		};
		9E62FF611B9BCA0F0071805D /* Release */ = {
			isa = XCBuildConfiguration;
			buildSettings = {
				ALWAYS_SEARCH_USER_PATHS = NO;
				CLANG_CXX_LANGUAGE_STANDARD = "gnu++0x";
				CLANG_CXX_LIBRARY = "libc++";
				CLANG_ENABLE_MODULES = YES;
				CLANG_ENABLE_OBJC_ARC = YES;
				CLANG_WARN_BOOL_CONVERSION = YES;
				CLANG_WARN_CONSTANT_CONVERSION = YES;
				CLANG_WARN_DIRECT_OBJC_ISA_USAGE = YES_ERROR;
				CLANG_WARN_EMPTY_BODY = YES;
				CLANG_WARN_ENUM_CONVERSION = YES;
				CLANG_WARN_INT_CONVERSION = YES;
				CLANG_WARN_OBJC_ROOT_CLASS = YES_ERROR;
				CLANG_WARN_UNREACHABLE_CODE = YES;
				CLANG_WARN__DUPLICATE_METHOD_MATCH = YES;
				"CODE_SIGN_IDENTITY[sdk=iphoneos*]" = "iPhone Developer";
				COPY_PHASE_STRIP = NO;
				DEBUG_INFORMATION_FORMAT = "dwarf-with-dsym";
				ENABLE_NS_ASSERTIONS = NO;
				ENABLE_STRICT_OBJC_MSGSEND = YES;
				GCC_C_LANGUAGE_STANDARD = gnu99;
				GCC_NO_COMMON_BLOCKS = YES;
				GCC_WARN_64_TO_32_BIT_CONVERSION = YES;
				GCC_WARN_ABOUT_RETURN_TYPE = YES_ERROR;
				GCC_WARN_UNDECLARED_SELECTOR = YES;
				GCC_WARN_UNINITIALIZED_AUTOS = YES_AGGRESSIVE;
				GCC_WARN_UNUSED_FUNCTION = YES;
				GCC_WARN_UNUSED_VARIABLE = YES;
				IPHONEOS_DEPLOYMENT_TARGET = 8.4;
				MTL_ENABLE_DEBUG_INFO = NO;
				SDKROOT = iphoneos;
				VALIDATE_PRODUCT = YES;
			};
			name = Release;
		};
		9E62FF631B9BCA0F0071805D /* Debug */ = {
			isa = XCBuildConfiguration;
			buildSettings = {
				ASSETCATALOG_COMPILER_APPICON_NAME = AppIcon;
				INFOPLIST_FILE = Algorthythm/Info.plist;
				LD_RUNPATH_SEARCH_PATHS = "$(inherited) @executable_path/Frameworks";
				PRODUCT_NAME = "$(TARGET_NAME)";
			};
			name = Debug;
		};
		9E62FF641B9BCA0F0071805D /* Release */ = {
			isa = XCBuildConfiguration;
			buildSettings = {
				ASSETCATALOG_COMPILER_APPICON_NAME = AppIcon;
				INFOPLIST_FILE = Algorthythm/Info.plist;
				LD_RUNPATH_SEARCH_PATHS = "$(inherited) @executable_path/Frameworks";
				PRODUCT_NAME = "$(TARGET_NAME)";
			};
			name = Release;
		};
		9E62FF661B9BCA0F0071805D /* Debug */ = {
			isa = XCBuildConfiguration;
			buildSettings = {
				BUNDLE_LOADER = "$(TEST_HOST)";
				FRAMEWORK_SEARCH_PATHS = (
					"$(SDKROOT)/Developer/Library/Frameworks",
					"$(inherited)",
				);
				GCC_PREPROCESSOR_DEFINITIONS = (
					"DEBUG=1",
					"$(inherited)",
				);
				INFOPLIST_FILE = AlgorthythmTests/Info.plist;
				LD_RUNPATH_SEARCH_PATHS = "$(inherited) @executable_path/Frameworks @loader_path/Frameworks";
				PRODUCT_NAME = "$(TARGET_NAME)";
				TEST_HOST = "$(BUILT_PRODUCTS_DIR)/Algorthythm.app/Algorthythm";
			};
			name = Debug;
		};
		9E62FF671B9BCA0F0071805D /* Release */ = {
			isa = XCBuildConfiguration;
			buildSettings = {
				BUNDLE_LOADER = "$(TEST_HOST)";
				FRAMEWORK_SEARCH_PATHS = (
					"$(SDKROOT)/Developer/Library/Frameworks",
					"$(inherited)",
				);
				INFOPLIST_FILE = AlgorthythmTests/Info.plist;
				LD_RUNPATH_SEARCH_PATHS = "$(inherited) @executable_path/Frameworks @loader_path/Frameworks";
				PRODUCT_NAME = "$(TARGET_NAME)";
				TEST_HOST = "$(BUILT_PRODUCTS_DIR)/Algorthythm.app/Algorthythm";
			};
			name = Release;
		};
/* End XCBuildConfiguration section */

/* Begin XCConfigurationList section */
		9E62FF3E1B9BCA0F0071805D /* Build configuration list for PBXProject "Algorthythm" */ = {
			isa = XCConfigurationList;
			buildConfigurations = (
				9E62FF601B9BCA0F0071805D /* Debug */,
				9E62FF611B9BCA0F0071805D /* Release */,
			);
			defaultConfigurationIsVisible = 0;
			defaultConfigurationName = Release;
		};
		9E62FF621B9BCA0F0071805D /* Build configuration list for PBXNativeTarget "Algorthythm" */ = {
			isa = XCConfigurationList;
			buildConfigurations = (
				9E62FF631B9BCA0F0071805D /* Debug */,
				9E62FF641B9BCA0F0071805D /* Release */,
			);
			defaultConfigurationIsVisible = 0;
		};
		9E62FF651B9BCA0F0071805D /* Build configuration list for PBXNativeTarget "AlgorthythmTests" */ = {
			isa = XCConfigurationList;
			buildConfigurations = (
				9E62FF661B9BCA0F0071805D /* Debug */,
				9E62FF671B9BCA0F0071805D /* Release */,
			);
			defaultConfigurationIsVisible = 0;
		};
/* End XCConfigurationList section */
	};
	rootObject = 9E62FF3B1B9BCA0F0071805D /* Project object */;
}
